// !$*UTF8*$!
{
	archiveVersion = 1;
	classes = {
	};
	objectVersion = 56;
	objects = {

/* Begin PBXBuildFile section */
		98115371294D858100310EA6 /* DataController.swift in Sources */ = {isa = PBXBuildFile; fileRef = 98115370294D858100310EA6 /* DataController.swift */; };
		98A90564294D8358007086DB /* CoreDataProjectApp.swift in Sources */ = {isa = PBXBuildFile; fileRef = 98A90563294D8358007086DB /* CoreDataProjectApp.swift */; };
		98A90566294D8358007086DB /* ContentView.swift in Sources */ = {isa = PBXBuildFile; fileRef = 98A90565294D8358007086DB /* ContentView.swift */; };
		98A90568294D835A007086DB /* Assets.xcassets in Resources */ = {isa = PBXBuildFile; fileRef = 98A90567294D835A007086DB /* Assets.xcassets */; };
		98A9056B294D835A007086DB /* Preview Assets.xcassets in Resources */ = {isa = PBXBuildFile; fileRef = 98A9056A294D835A007086DB /* Preview Assets.xcassets */; };
		98A90573294D83C5007086DB /* CoreDataProject.xcdatamodeld in Sources */ = {isa = PBXBuildFile; fileRef = 98A90571294D83C5007086DB /* CoreDataProject.xcdatamodeld */; };
		98E53B17294DBC590072CEE6 /* Movie+CoreDataClass.swift in Sources */ = {isa = PBXBuildFile; fileRef = 98E53B15294DBC590072CEE6 /* Movie+CoreDataClass.swift */; };
		98E53B18294DBC590072CEE6 /* Movie+CoreDataProperties.swift in Sources */ = {isa = PBXBuildFile; fileRef = 98E53B16294DBC590072CEE6 /* Movie+CoreDataProperties.swift */; };
		98E53B1B294DCD4B0072CEE6 /* Constraints.swift in Sources */ = {isa = PBXBuildFile; fileRef = 98E53B1A294DCD4B0072CEE6 /* Constraints.swift */; };
		98E53B1D294DCDB10072CEE6 /* Filtering.swift in Sources */ = {isa = PBXBuildFile; fileRef = 98E53B1C294DCDB10072CEE6 /* Filtering.swift */; };
		98E53B1F294DD3440072CEE6 /* DynamicFiltering.swift in Sources */ = {isa = PBXBuildFile; fileRef = 98E53B1E294DD3440072CEE6 /* DynamicFiltering.swift */; };
		98E53B25294DD6210072CEE6 /* FilteredList.swift in Sources */ = {isa = PBXBuildFile; fileRef = 98E53B24294DD6210072CEE6 /* FilteredList.swift */; };
		98E53B29294DD6D00072CEE6 /* Singer+CoreDataClass.swift in Sources */ = {isa = PBXBuildFile; fileRef = 98E53B27294DD6D00072CEE6 /* Singer+CoreDataClass.swift */; };
		98E53B2A294DD6D00072CEE6 /* Singer+CoreDataProperties.swift in Sources */ = {isa = PBXBuildFile; fileRef = 98E53B28294DD6D00072CEE6 /* Singer+CoreDataProperties.swift */; };
		98E53B30294DE1540072CEE6 /* Country+CoreDataClass.swift in Sources */ = {isa = PBXBuildFile; fileRef = 98E53B2C294DE1540072CEE6 /* Country+CoreDataClass.swift */; };
		98E53B31294DE1540072CEE6 /* Country+CoreDataProperties.swift in Sources */ = {isa = PBXBuildFile; fileRef = 98E53B2D294DE1540072CEE6 /* Country+CoreDataProperties.swift */; };
		98E53B32294DE1540072CEE6 /* Candy+CoreDataClass.swift in Sources */ = {isa = PBXBuildFile; fileRef = 98E53B2E294DE1540072CEE6 /* Candy+CoreDataClass.swift */; };
		98E53B33294DE1540072CEE6 /* Candy+CoreDataProperties.swift in Sources */ = {isa = PBXBuildFile; fileRef = 98E53B2F294DE1540072CEE6 /* Candy+CoreDataProperties.swift */; };
		98E53B35294DE3910072CEE6 /* Relationship.swift in Sources */ = {isa = PBXBuildFile; fileRef = 98E53B34294DE3910072CEE6 /* Relationship.swift */; };
/* End PBXBuildFile section */

/* Begin PBXFileReference section */
		98115370294D858100310EA6 /* DataController.swift */ = {isa = PBXFileReference; fileEncoding = 4; lastKnownFileType = sourcecode.swift; path = DataController.swift; sourceTree = "<group>"; };
		98A90560294D8358007086DB /* CoreDataProject.app */ = {isa = PBXFileReference; explicitFileType = wrapper.application; includeInIndex = 0; path = CoreDataProject.app; sourceTree = BUILT_PRODUCTS_DIR; };
		98A90563294D8358007086DB /* CoreDataProjectApp.swift */ = {isa = PBXFileReference; lastKnownFileType = sourcecode.swift; path = CoreDataProjectApp.swift; sourceTree = "<group>"; };
		98A90565294D8358007086DB /* ContentView.swift */ = {isa = PBXFileReference; lastKnownFileType = sourcecode.swift; path = ContentView.swift; sourceTree = "<group>"; };
		98A90567294D835A007086DB /* Assets.xcassets */ = {isa = PBXFileReference; lastKnownFileType = folder.assetcatalog; path = Assets.xcassets; sourceTree = "<group>"; };
		98A9056A294D835A007086DB /* Preview Assets.xcassets */ = {isa = PBXFileReference; lastKnownFileType = folder.assetcatalog; path = "Preview Assets.xcassets"; sourceTree = "<group>"; };
		98A90572294D83C5007086DB /* CoreDataProject.xcdatamodel */ = {isa = PBXFileReference; lastKnownFileType = wrapper.xcdatamodel; path = CoreDataProject.xcdatamodel; sourceTree = "<group>"; };
		98E53B15294DBC590072CEE6 /* Movie+CoreDataClass.swift */ = {isa = PBXFileReference; lastKnownFileType = sourcecode.swift; path = "Movie+CoreDataClass.swift"; sourceTree = "<group>"; };
		98E53B16294DBC590072CEE6 /* Movie+CoreDataProperties.swift */ = {isa = PBXFileReference; lastKnownFileType = sourcecode.swift; path = "Movie+CoreDataProperties.swift"; sourceTree = "<group>"; };
		98E53B1A294DCD4B0072CEE6 /* Constraints.swift */ = {isa = PBXFileReference; lastKnownFileType = sourcecode.swift; path = Constraints.swift; sourceTree = "<group>"; };
		98E53B1C294DCDB10072CEE6 /* Filtering.swift */ = {isa = PBXFileReference; lastKnownFileType = sourcecode.swift; path = Filtering.swift; sourceTree = "<group>"; };
		98E53B1E294DD3440072CEE6 /* DynamicFiltering.swift */ = {isa = PBXFileReference; lastKnownFileType = sourcecode.swift; path = DynamicFiltering.swift; sourceTree = "<group>"; };
		98E53B24294DD6210072CEE6 /* FilteredList.swift */ = {isa = PBXFileReference; lastKnownFileType = sourcecode.swift; path = FilteredList.swift; sourceTree = "<group>"; };
		98E53B27294DD6D00072CEE6 /* Singer+CoreDataClass.swift */ = {isa = PBXFileReference; lastKnownFileType = sourcecode.swift; path = "Singer+CoreDataClass.swift"; sourceTree = SOURCE_ROOT; };
		98E53B28294DD6D00072CEE6 /* Singer+CoreDataProperties.swift */ = {isa = PBXFileReference; lastKnownFileType = sourcecode.swift; path = "Singer+CoreDataProperties.swift"; sourceTree = SOURCE_ROOT; };
		98E53B2C294DE1540072CEE6 /* Country+CoreDataClass.swift */ = {isa = PBXFileReference; lastKnownFileType = sourcecode.swift; path = "Country+CoreDataClass.swift"; sourceTree = SOURCE_ROOT; };
		98E53B2D294DE1540072CEE6 /* Country+CoreDataProperties.swift */ = {isa = PBXFileReference; lastKnownFileType = sourcecode.swift; path = "Country+CoreDataProperties.swift"; sourceTree = SOURCE_ROOT; };
		98E53B2E294DE1540072CEE6 /* Candy+CoreDataClass.swift */ = {isa = PBXFileReference; lastKnownFileType = sourcecode.swift; path = "Candy+CoreDataClass.swift"; sourceTree = SOURCE_ROOT; };
		98E53B2F294DE1540072CEE6 /* Candy+CoreDataProperties.swift */ = {isa = PBXFileReference; lastKnownFileType = sourcecode.swift; path = "Candy+CoreDataProperties.swift"; sourceTree = SOURCE_ROOT; };
		98E53B34294DE3910072CEE6 /* Relationship.swift */ = {isa = PBXFileReference; lastKnownFileType = sourcecode.swift; path = Relationship.swift; sourceTree = "<group>"; };
/* End PBXFileReference section */

/* Begin PBXFrameworksBuildPhase section */
		98A9055D294D8358007086DB /* Frameworks */ = {
			isa = PBXFrameworksBuildPhase;
			buildActionMask = 2147483647;
			files = (
			);
			runOnlyForDeploymentPostprocessing = 0;
		};
/* End PBXFrameworksBuildPhase section */

/* Begin PBXGroup section */
		98A90557294D8358007086DB = {
			isa = PBXGroup;
			children = (
				98A90562294D8358007086DB /* CoreDataProject */,
				98A90561294D8358007086DB /* Products */,
			);
			sourceTree = "<group>";
		};
		98A90561294D8358007086DB /* Products */ = {
			isa = PBXGroup;
			children = (
				98A90560294D8358007086DB /* CoreDataProject.app */,
			);
			name = Products;
			sourceTree = "<group>";
		};
		98A90562294D8358007086DB /* CoreDataProject */ = {
			isa = PBXGroup;
			children = (
				98E53B2B294DDE8F0072CEE6 /* Relationship */,
				98E53B26294DD62A0072CEE6 /* Dynamic Filtering */,
				98E53B19294DC5950072CEE6 /* ManagedCont */,
				98A90563294D8358007086DB /* CoreDataProjectApp.swift */,
				98E53B1A294DCD4B0072CEE6 /* Constraints.swift */,
				98A90565294D8358007086DB /* ContentView.swift */,
				98E53B1C294DCDB10072CEE6 /* Filtering.swift */,
				98115370294D858100310EA6 /* DataController.swift */,
				98A90571294D83C5007086DB /* CoreDataProject.xcdatamodeld */,
				98A90567294D835A007086DB /* Assets.xcassets */,
				98A90569294D835A007086DB /* Preview Content */,
			);
			path = CoreDataProject;
			sourceTree = "<group>";
		};
		98A90569294D835A007086DB /* Preview Content */ = {
			isa = PBXGroup;
			children = (
				98A9056A294D835A007086DB /* Preview Assets.xcassets */,
			);
			path = "Preview Content";
			sourceTree = "<group>";
		};
		98E53B19294DC5950072CEE6 /* ManagedCont */ = {
			isa = PBXGroup;
			children = (
				98E53B15294DBC590072CEE6 /* Movie+CoreDataClass.swift */,
				98E53B16294DBC590072CEE6 /* Movie+CoreDataProperties.swift */,
			);
			path = ManagedCont;
			sourceTree = "<group>";
		};
		98E53B26294DD62A0072CEE6 /* Dynamic Filtering */ = {
			isa = PBXGroup;
			children = (
				98E53B27294DD6D00072CEE6 /* Singer+CoreDataClass.swift */,
				98E53B28294DD6D00072CEE6 /* Singer+CoreDataProperties.swift */,
				98E53B1E294DD3440072CEE6 /* DynamicFiltering.swift */,
				98E53B24294DD6210072CEE6 /* FilteredList.swift */,
			);
			path = "Dynamic Filtering";
			sourceTree = "<group>";
		};
		98E53B2B294DDE8F0072CEE6 /* Relationship */ = {
			isa = PBXGroup;
			children = (
				98E53B2C294DE1540072CEE6 /* Country+CoreDataClass.swift */,
				98E53B2D294DE1540072CEE6 /* Country+CoreDataProperties.swift */,
				98E53B2E294DE1540072CEE6 /* Candy+CoreDataClass.swift */,
				98E53B2F294DE1540072CEE6 /* Candy+CoreDataProperties.swift */,
				98E53B34294DE3910072CEE6 /* Relationship.swift */,
			);
			path = Relationship;
			sourceTree = "<group>";
		};
/* End PBXGroup section */

/* Begin PBXNativeTarget section */
		98A9055F294D8358007086DB /* CoreDataProject */ = {
			isa = PBXNativeTarget;
			buildConfigurationList = 98A9056E294D835A007086DB /* Build configuration list for PBXNativeTarget "CoreDataProject" */;
			buildPhases = (
				98A9055C294D8358007086DB /* Sources */,
				98A9055D294D8358007086DB /* Frameworks */,
				98A9055E294D8358007086DB /* Resources */,
			);
			buildRules = (
			);
			dependencies = (
			);
			name = CoreDataProject;
			productName = CoreDataProject;
			productReference = 98A90560294D8358007086DB /* CoreDataProject.app */;
			productType = "com.apple.product-type.application";
		};
/* End PBXNativeTarget section */

/* Begin PBXProject section */
		98A90558294D8358007086DB /* Project object */ = {
			isa = PBXProject;
			attributes = {
				BuildIndependentTargetsInParallel = 1;
				LastSwiftUpdateCheck = 1420;
				LastUpgradeCheck = 1420;
				TargetAttributes = {
					98A9055F294D8358007086DB = {
						CreatedOnToolsVersion = 14.2;
					};
				};
			};
			buildConfigurationList = 98A9055B294D8358007086DB /* Build configuration list for PBXProject "CoreDataProject" */;
			compatibilityVersion = "Xcode 14.0";
			developmentRegion = en;
			hasScannedForEncodings = 0;
			knownRegions = (
				en,
				Base,
			);
			mainGroup = 98A90557294D8358007086DB;
			productRefGroup = 98A90561294D8358007086DB /* Products */;
			projectDirPath = "";
			projectRoot = "";
			targets = (
				98A9055F294D8358007086DB /* CoreDataProject */,
			);
		};
/* End PBXProject section */

/* Begin PBXResourcesBuildPhase section */
		98A9055E294D8358007086DB /* Resources */ = {
			isa = PBXResourcesBuildPhase;
			buildActionMask = 2147483647;
			files = (
				98A9056B294D835A007086DB /* Preview Assets.xcassets in Resources */,
				98A90568294D835A007086DB /* Assets.xcassets in Resources */,
			);
			runOnlyForDeploymentPostprocessing = 0;
		};
/* End PBXResourcesBuildPhase section */

/* Begin PBXSourcesBuildPhase section */
		98A9055C294D8358007086DB /* Sources */ = {
			isa = PBXSourcesBuildPhase;
			buildActionMask = 2147483647;
			files = (
				98E53B1F294DD3440072CEE6 /* DynamicFiltering.swift in Sources */,
				98E53B2A294DD6D00072CEE6 /* Singer+CoreDataProperties.swift in Sources */,
				98E53B31294DE1540072CEE6 /* Country+CoreDataProperties.swift in Sources */,
				98E53B33294DE1540072CEE6 /* Candy+CoreDataProperties.swift in Sources */,
				98A90566294D8358007086DB /* ContentView.swift in Sources */,
				98E53B29294DD6D00072CEE6 /* Singer+CoreDataClass.swift in Sources */,
				98E53B1B294DCD4B0072CEE6 /* Constraints.swift in Sources */,
				98115371294D858100310EA6 /* DataController.swift in Sources */,
				98E53B30294DE1540072CEE6 /* Country+CoreDataClass.swift in Sources */,
				98A90564294D8358007086DB /* CoreDataProjectApp.swift in Sources */,
				98E53B17294DBC590072CEE6 /* Movie+CoreDataClass.swift in Sources */,
				98E53B35294DE3910072CEE6 /* Relationship.swift in Sources */,
				98E53B18294DBC590072CEE6 /* Movie+CoreDataProperties.swift in Sources */,
				98E53B32294DE1540072CEE6 /* Candy+CoreDataClass.swift in Sources */,
				98E53B25294DD6210072CEE6 /* FilteredList.swift in Sources */,
				98E53B1D294DCDB10072CEE6 /* Filtering.swift in Sources */,
				98A90573294D83C5007086DB /* CoreDataProject.xcdatamodeld in Sources */,
			);
			runOnlyForDeploymentPostprocessing = 0;
		};
/* End PBXSourcesBuildPhase section */

/* Begin XCBuildConfiguration section */
		98A9056C294D835A007086DB /* Debug */ = {
			isa = XCBuildConfiguration;
			buildSettings = {
				ALWAYS_SEARCH_USER_PATHS = NO;
				CLANG_ANALYZER_NONNULL = YES;
				CLANG_ANALYZER_NUMBER_OBJECT_CONVERSION = YES_AGGRESSIVE;
				CLANG_CXX_LANGUAGE_STANDARD = "gnu++20";
				CLANG_ENABLE_MODULES = YES;
				CLANG_ENABLE_OBJC_ARC = YES;
				CLANG_ENABLE_OBJC_WEAK = YES;
				CLANG_WARN_BLOCK_CAPTURE_AUTORELEASING = YES;
				CLANG_WARN_BOOL_CONVERSION = YES;
				CLANG_WARN_COMMA = YES;
				CLANG_WARN_CONSTANT_CONVERSION = YES;
				CLANG_WARN_DEPRECATED_OBJC_IMPLEMENTATIONS = YES;
				CLANG_WARN_DIRECT_OBJC_ISA_USAGE = YES_ERROR;
				CLANG_WARN_DOCUMENTATION_COMMENTS = YES;
				CLANG_WARN_EMPTY_BODY = YES;
				CLANG_WARN_ENUM_CONVERSION = YES;
				CLANG_WARN_INFINITE_RECURSION = YES;
				CLANG_WARN_INT_CONVERSION = YES;
				CLANG_WARN_NON_LITERAL_NULL_CONVERSION = YES;
				CLANG_WARN_OBJC_IMPLICIT_RETAIN_SELF = YES;
				CLANG_WARN_OBJC_LITERAL_CONVERSION = YES;
				CLANG_WARN_OBJC_ROOT_CLASS = YES_ERROR;
				CLANG_WARN_QUOTED_INCLUDE_IN_FRAMEWORK_HEADER = YES;
				CLANG_WARN_RANGE_LOOP_ANALYSIS = YES;
				CLANG_WARN_STRICT_PROTOTYPES = YES;
				CLANG_WARN_SUSPICIOUS_MOVE = YES;
				CLANG_WARN_UNGUARDED_AVAILABILITY = YES_AGGRESSIVE;
				CLANG_WARN_UNREACHABLE_CODE = YES;
				CLANG_WARN__DUPLICATE_METHOD_MATCH = YES;
				COPY_PHASE_STRIP = NO;
				DEBUG_INFORMATION_FORMAT = dwarf;
				ENABLE_STRICT_OBJC_MSGSEND = YES;
				ENABLE_TESTABILITY = YES;
				GCC_C_LANGUAGE_STANDARD = gnu11;
				GCC_DYNAMIC_NO_PIC = NO;
				GCC_NO_COMMON_BLOCKS = YES;
				GCC_OPTIMIZATION_LEVEL = 0;
				GCC_PREPROCESSOR_DEFINITIONS = (
					"DEBUG=1",
					"$(inherited)",
				);
				GCC_WARN_64_TO_32_BIT_CONVERSION = YES;
				GCC_WARN_ABOUT_RETURN_TYPE = YES_ERROR;
				GCC_WARN_UNDECLARED_SELECTOR = YES;
				GCC_WARN_UNINITIALIZED_AUTOS = YES_AGGRESSIVE;
				GCC_WARN_UNUSED_FUNCTION = YES;
				GCC_WARN_UNUSED_VARIABLE = YES;
				IPHONEOS_DEPLOYMENT_TARGET = 16.2;
				MTL_ENABLE_DEBUG_INFO = INCLUDE_SOURCE;
				MTL_FAST_MATH = YES;
				ONLY_ACTIVE_ARCH = YES;
				SDKROOT = iphoneos;
				SWIFT_ACTIVE_COMPILATION_CONDITIONS = DEBUG;
				SWIFT_OPTIMIZATION_LEVEL = "-Onone";
			};
			name = Debug;
		};
		98A9056D294D835A007086DB /* Release */ = {
			isa = XCBuildConfiguration;
			buildSettings = {
				ALWAYS_SEARCH_USER_PATHS = NO;
				CLANG_ANALYZER_NONNULL = YES;
				CLANG_ANALYZER_NUMBER_OBJECT_CONVERSION = YES_AGGRESSIVE;
				CLANG_CXX_LANGUAGE_STANDARD = "gnu++20";
				CLANG_ENABLE_MODULES = YES;
				CLANG_ENABLE_OBJC_ARC = YES;
				CLANG_ENABLE_OBJC_WEAK = YES;
				CLANG_WARN_BLOCK_CAPTURE_AUTORELEASING = YES;
				CLANG_WARN_BOOL_CONVERSION = YES;
				CLANG_WARN_COMMA = YES;
				CLANG_WARN_CONSTANT_CONVERSION = YES;
				CLANG_WARN_DEPRECATED_OBJC_IMPLEMENTATIONS = YES;
				CLANG_WARN_DIRECT_OBJC_ISA_USAGE = YES_ERROR;
				CLANG_WARN_DOCUMENTATION_COMMENTS = YES;
				CLANG_WARN_EMPTY_BODY = YES;
				CLANG_WARN_ENUM_CONVERSION = YES;
				CLANG_WARN_INFINITE_RECURSION = YES;
				CLANG_WARN_INT_CONVERSION = YES;
				CLANG_WARN_NON_LITERAL_NULL_CONVERSION = YES;
				CLANG_WARN_OBJC_IMPLICIT_RETAIN_SELF = YES;
				CLANG_WARN_OBJC_LITERAL_CONVERSION = YES;
				CLANG_WARN_OBJC_ROOT_CLASS = YES_ERROR;
				CLANG_WARN_QUOTED_INCLUDE_IN_FRAMEWORK_HEADER = YES;
				CLANG_WARN_RANGE_LOOP_ANALYSIS = YES;
				CLANG_WARN_STRICT_PROTOTYPES = YES;
				CLANG_WARN_SUSPICIOUS_MOVE = YES;
				CLANG_WARN_UNGUARDED_AVAILABILITY = YES_AGGRESSIVE;
				CLANG_WARN_UNREACHABLE_CODE = YES;
				CLANG_WARN__DUPLICATE_METHOD_MATCH = YES;
				COPY_PHASE_STRIP = NO;
				DEBUG_INFORMATION_FORMAT = "dwarf-with-dsym";
				ENABLE_NS_ASSERTIONS = NO;
				ENABLE_STRICT_OBJC_MSGSEND = YES;
				GCC_C_LANGUAGE_STANDARD = gnu11;
				GCC_NO_COMMON_BLOCKS = YES;
				GCC_WARN_64_TO_32_BIT_CONVERSION = YES;
				GCC_WARN_ABOUT_RETURN_TYPE = YES_ERROR;
				GCC_WARN_UNDECLARED_SELECTOR = YES;
				GCC_WARN_UNINITIALIZED_AUTOS = YES_AGGRESSIVE;
				GCC_WARN_UNUSED_FUNCTION = YES;
				GCC_WARN_UNUSED_VARIABLE = YES;
				IPHONEOS_DEPLOYMENT_TARGET = 16.2;
				MTL_ENABLE_DEBUG_INFO = NO;
				MTL_FAST_MATH = YES;
				SDKROOT = iphoneos;
				SWIFT_COMPILATION_MODE = wholemodule;
				SWIFT_OPTIMIZATION_LEVEL = "-O";
				VALIDATE_PRODUCT = YES;
			};
			name = Release;
		};
		98A9056F294D835A007086DB /* Debug */ = {
			isa = XCBuildConfiguration;
			buildSettings = {
				ASSETCATALOG_COMPILER_APPICON_NAME = AppIcon;
				ASSETCATALOG_COMPILER_GLOBAL_ACCENT_COLOR_NAME = AccentColor;
				CODE_SIGN_STYLE = Automatic;
				CURRENT_PROJECT_VERSION = 1;
				DEVELOPMENT_ASSET_PATHS = "\"CoreDataProject/Preview Content\"";
				DEVELOPMENT_TEAM = 46ZCWG7KFN;
				ENABLE_PREVIEWS = YES;
				GENERATE_INFOPLIST_FILE = YES;
				INFOPLIST_KEY_UIApplicationSceneManifest_Generation = YES;
				INFOPLIST_KEY_UIApplicationSupportsIndirectInputEvents = YES;
				INFOPLIST_KEY_UILaunchScreen_Generation = YES;
				INFOPLIST_KEY_UISupportedInterfaceOrientations_iPad = "UIInterfaceOrientationPortrait UIInterfaceOrientationPortraitUpsideDown UIInterfaceOrientationLandscapeLeft UIInterfaceOrientationLandscapeRight";
				INFOPLIST_KEY_UISupportedInterfaceOrientations_iPhone = "UIInterfaceOrientationPortrait UIInterfaceOrientationLandscapeLeft UIInterfaceOrientationLandscapeRight";
				LD_RUNPATH_SEARCH_PATHS = (
					"$(inherited)",
					"@executable_path/Frameworks",
				);
				MARKETING_VERSION = 1.0;
				PRODUCT_BUNDLE_IDENTIFIER = com.bouncy.CoreDataProject;
				PRODUCT_NAME = "$(TARGET_NAME)";
				SWIFT_EMIT_LOC_STRINGS = YES;
				SWIFT_VERSION = 5.0;
				TARGETED_DEVICE_FAMILY = "1,2";
			};
			name = Debug;
		};
		98A90570294D835A007086DB /* Release */ = {
			isa = XCBuildConfiguration;
			buildSettings = {
				ASSETCATALOG_COMPILER_APPICON_NAME = AppIcon;
				ASSETCATALOG_COMPILER_GLOBAL_ACCENT_COLOR_NAME = AccentColor;
				CODE_SIGN_STYLE = Automatic;
				CURRENT_PROJECT_VERSION = 1;
				DEVELOPMENT_ASSET_PATHS = "\"CoreDataProject/Preview Content\"";
				DEVELOPMENT_TEAM = 46ZCWG7KFN;
				ENABLE_PREVIEWS = YES;
				GENERATE_INFOPLIST_FILE = YES;
				INFOPLIST_KEY_UIApplicationSceneManifest_Generation = YES;
				INFOPLIST_KEY_UIApplicationSupportsIndirectInputEvents = YES;
				INFOPLIST_KEY_UILaunchScreen_Generation = YES;
				INFOPLIST_KEY_UISupportedInterfaceOrientations_iPad = "UIInterfaceOrientationPortrait UIInterfaceOrientationPortraitUpsideDown UIInterfaceOrientationLandscapeLeft UIInterfaceOrientationLandscapeRight";
				INFOPLIST_KEY_UISupportedInterfaceOrientations_iPhone = "UIInterfaceOrientationPortrait UIInterfaceOrientationLandscapeLeft UIInterfaceOrientationLandscapeRight";
				LD_RUNPATH_SEARCH_PATHS = (
					"$(inherited)",
					"@executable_path/Frameworks",
				);
				MARKETING_VERSION = 1.0;
				PRODUCT_BUNDLE_IDENTIFIER = com.bouncy.CoreDataProject;
				PRODUCT_NAME = "$(TARGET_NAME)";
				SWIFT_EMIT_LOC_STRINGS = YES;
				SWIFT_VERSION = 5.0;
				TARGETED_DEVICE_FAMILY = "1,2";
			};
			name = Release;
		};
/* End XCBuildConfiguration section */

/* Begin XCConfigurationList section */
		98A9055B294D8358007086DB /* Build configuration list for PBXProject "CoreDataProject" */ = {
			isa = XCConfigurationList;
			buildConfigurations = (
				98A9056C294D835A007086DB /* Debug */,
				98A9056D294D835A007086DB /* Release */,
			);
			defaultConfigurationIsVisible = 0;
			defaultConfigurationName = Release;
		};
		98A9056E294D835A007086DB /* Build configuration list for PBXNativeTarget "CoreDataProject" */ = {
			isa = XCConfigurationList;
			buildConfigurations = (
				98A9056F294D835A007086DB /* Debug */,
				98A90570294D835A007086DB /* Release */,
			);
			defaultConfigurationIsVisible = 0;
			defaultConfigurationName = Release;
		};
/* End XCConfigurationList section */

/* Begin XCVersionGroup section */
		98A90571294D83C5007086DB /* CoreDataProject.xcdatamodeld */ = {
			isa = XCVersionGroup;
			children = (
				98A90572294D83C5007086DB /* CoreDataProject.xcdatamodel */,
			);
			currentVersion = 98A90572294D83C5007086DB /* CoreDataProject.xcdatamodel */;
			path = CoreDataProject.xcdatamodeld;
			sourceTree = "<group>";
			versionGroupType = wrapper.xcdatamodel;
		};
/* End XCVersionGroup section */
	};
	rootObject = 98A90558294D8358007086DB /* Project object */;
}
